// !$*UTF8*$!
{
	archiveVersion = 1;
	classes = {
	};
	objectVersion = 50;
	objects = {

/* Begin PBXBuildFile section */
		F6DDECE0225313A900CC48E9 /* AppDelegate.swift in Sources */ = {isa = PBXBuildFile; fileRef = F6DDECDF225313A900CC48E9 /* AppDelegate.swift */; };
		F6DDECE2225313A900CC48E9 /* CameraVC.swift in Sources */ = {isa = PBXBuildFile; fileRef = F6DDECE1225313A900CC48E9 /* CameraVC.swift */; };
		F6DDECE5225313A900CC48E9 /* Main.storyboard in Resources */ = {isa = PBXBuildFile; fileRef = F6DDECE3225313A900CC48E9 /* Main.storyboard */; };
		F6DDECE7225313AB00CC48E9 /* Assets.xcassets in Resources */ = {isa = PBXBuildFile; fileRef = F6DDECE6225313AB00CC48E9 /* Assets.xcassets */; };
		F6DDECEA225313AB00CC48E9 /* LaunchScreen.storyboard in Resources */ = {isa = PBXBuildFile; fileRef = F6DDECE8225313AB00CC48E9 /* LaunchScreen.storyboard */; };
		F6DDECF522544F7100CC48E9 /* RoundedShadowView.swift in Sources */ = {isa = PBXBuildFile; fileRef = F6DDECF422544F7100CC48E9 /* RoundedShadowView.swift */; };
		F6DDECF72254509000CC48E9 /* RoundedShadowButton.swift in Sources */ = {isa = PBXBuildFile; fileRef = F6DDECF62254509000CC48E9 /* RoundedShadowButton.swift */; };
		F6DDECF9225450C400CC48E9 /* RoundedShadowImageView.swift in Sources */ = {isa = PBXBuildFile; fileRef = F6DDECF8225450C400CC48E9 /* RoundedShadowImageView.swift */; };
		F6DDECFB22545D3100CC48E9 /* SqueezeNet.mlmodel in Sources */ = {isa = PBXBuildFile; fileRef = F6DDECFA22545D3100CC48E9 /* SqueezeNet.mlmodel */; };
/* End PBXBuildFile section */

/* Begin PBXFileReference section */
		F6DDECDC225313A900CC48E9 /* vision-app-dev.app */ = {isa = PBXFileReference; explicitFileType = wrapper.application; includeInIndex = 0; path = "vision-app-dev.app"; sourceTree = BUILT_PRODUCTS_DIR; };
		F6DDECDF225313A900CC48E9 /* AppDelegate.swift */ = {isa = PBXFileReference; lastKnownFileType = sourcecode.swift; path = AppDelegate.swift; sourceTree = "<group>"; };
		F6DDECE1225313A900CC48E9 /* CameraVC.swift */ = {isa = PBXFileReference; lastKnownFileType = sourcecode.swift; path = CameraVC.swift; sourceTree = "<group>"; };
		F6DDECE4225313A900CC48E9 /* Base */ = {isa = PBXFileReference; lastKnownFileType = file.storyboard; name = Base; path = Base.lproj/Main.storyboard; sourceTree = "<group>"; };
		F6DDECE6225313AB00CC48E9 /* Assets.xcassets */ = {isa = PBXFileReference; lastKnownFileType = folder.assetcatalog; path = Assets.xcassets; sourceTree = "<group>"; };
		F6DDECE9225313AB00CC48E9 /* Base */ = {isa = PBXFileReference; lastKnownFileType = file.storyboard; name = Base; path = Base.lproj/LaunchScreen.storyboard; sourceTree = "<group>"; };
		F6DDECEB225313AB00CC48E9 /* Info.plist */ = {isa = PBXFileReference; lastKnownFileType = text.plist.xml; path = Info.plist; sourceTree = "<group>"; };
		F6DDECF422544F7100CC48E9 /* RoundedShadowView.swift */ = {isa = PBXFileReference; lastKnownFileType = sourcecode.swift; path = RoundedShadowView.swift; sourceTree = "<group>"; };
		F6DDECF62254509000CC48E9 /* RoundedShadowButton.swift */ = {isa = PBXFileReference; lastKnownFileType = sourcecode.swift; path = RoundedShadowButton.swift; sourceTree = "<group>"; };
		F6DDECF8225450C400CC48E9 /* RoundedShadowImageView.swift */ = {isa = PBXFileReference; lastKnownFileType = sourcecode.swift; path = RoundedShadowImageView.swift; sourceTree = "<group>"; };
		F6DDECFA22545D3100CC48E9 /* SqueezeNet.mlmodel */ = {isa = PBXFileReference; lastKnownFileType = file.mlmodel; path = SqueezeNet.mlmodel; sourceTree = "<group>"; };
/* End PBXFileReference section */

/* Begin PBXFrameworksBuildPhase section */
		F6DDECD9225313A900CC48E9 /* Frameworks */ = {
			isa = PBXFrameworksBuildPhase;
			buildActionMask = 2147483647;
			files = (
			);
			runOnlyForDeploymentPostprocessing = 0;
		};
/* End PBXFrameworksBuildPhase section */

/* Begin PBXGroup section */
		F6DDECD3225313A900CC48E9 = {
			isa = PBXGroup;
			children = (
				F6DDECDE225313A900CC48E9 /* vision-app-dev */,
				F6DDECDD225313A900CC48E9 /* Products */,
			);
			sourceTree = "<group>";
		};
		F6DDECDD225313A900CC48E9 /* Products */ = {
			isa = PBXGroup;
			children = (
				F6DDECDC225313A900CC48E9 /* vision-app-dev.app */,
			);
			name = Products;
			sourceTree = "<group>";
		};
		F6DDECDE225313A900CC48E9 /* vision-app-dev */ = {
			isa = PBXGroup;
			children = (
				F6DDECF32253142F00CC48E9 /* Resources */,
				F6DDECF22253142100CC48E9 /* View */,
				F6DDECF12253141100CC48E9 /* Controller */,
				F6DDECDF225313A900CC48E9 /* AppDelegate.swift */,
				F6DDECE3225313A900CC48E9 /* Main.storyboard */,
				F6DDECE6225313AB00CC48E9 /* Assets.xcassets */,
				F6DDECE8225313AB00CC48E9 /* LaunchScreen.storyboard */,
				F6DDECEB225313AB00CC48E9 /* Info.plist */,
			);
			path = "vision-app-dev";
			sourceTree = "<group>";
		};
		F6DDECF12253141100CC48E9 /* Controller */ = {
			isa = PBXGroup;
			children = (
				F6DDECE1225313A900CC48E9 /* CameraVC.swift */,
			);
			path = Controller;
			sourceTree = "<group>";
		};
		F6DDECF22253142100CC48E9 /* View */ = {
			isa = PBXGroup;
			children = (
				F6DDECF422544F7100CC48E9 /* RoundedShadowView.swift */,
				F6DDECF62254509000CC48E9 /* RoundedShadowButton.swift */,
				F6DDECF8225450C400CC48E9 /* RoundedShadowImageView.swift */,
			);
			path = View;
			sourceTree = "<group>";
		};
		F6DDECF32253142F00CC48E9 /* Resources */ = {
			isa = PBXGroup;
			children = (
				F6DDECFA22545D3100CC48E9 /* SqueezeNet.mlmodel */,
			);
			path = Resources;
			sourceTree = "<group>";
		};
/* End PBXGroup section */

/* Begin PBXNativeTarget section */
		F6DDECDB225313A900CC48E9 /* vision-app-dev */ = {
			isa = PBXNativeTarget;
			buildConfigurationList = F6DDECEE225313AB00CC48E9 /* Build configuration list for PBXNativeTarget "vision-app-dev" */;
			buildPhases = (
				F6DDECD8225313A900CC48E9 /* Sources */,
				F6DDECD9225313A900CC48E9 /* Frameworks */,
				F6DDECDA225313A900CC48E9 /* Resources */,
			);
			buildRules = (
			);
			dependencies = (
			);
			name = "vision-app-dev";
			productName = "vision-app-dev";
			productReference = F6DDECDC225313A900CC48E9 /* vision-app-dev.app */;
			productType = "com.apple.product-type.application";
		};
/* End PBXNativeTarget section */

/* Begin PBXProject section */
		F6DDECD4225313A900CC48E9 /* Project object */ = {
			isa = PBXProject;
			attributes = {
				LastSwiftUpdateCheck = 1020;
				LastUpgradeCheck = 1020;
				ORGANIZATIONNAME = "Ricardo Herrera Petit";
				TargetAttributes = {
					F6DDECDB225313A900CC48E9 = {
						CreatedOnToolsVersion = 10.2;
					};
				};
			};
			buildConfigurationList = F6DDECD7225313A900CC48E9 /* Build configuration list for PBXProject "vision-app-dev" */;
			compatibilityVersion = "Xcode 9.3";
			developmentRegion = en;
			hasScannedForEncodings = 0;
			knownRegions = (
				en,
				Base,
			);
			mainGroup = F6DDECD3225313A900CC48E9;
			productRefGroup = F6DDECDD225313A900CC48E9 /* Products */;
			projectDirPath = "";
			projectRoot = "";
			targets = (
				F6DDECDB225313A900CC48E9 /* vision-app-dev */,
			);
		};
/* End PBXProject section */

/* Begin PBXResourcesBuildPhase section */
		F6DDECDA225313A900CC48E9 /* Resources */ = {
			isa = PBXResourcesBuildPhase;
			buildActionMask = 2147483647;
			files = (
				F6DDECEA225313AB00CC48E9 /* LaunchScreen.storyboard in Resources */,
				F6DDECE7225313AB00CC48E9 /* Assets.xcassets in Resources */,
				F6DDECE5225313A900CC48E9 /* Main.storyboard in Resources */,
			);
			runOnlyForDeploymentPostprocessing = 0;
		};
/* End PBXResourcesBuildPhase section */

/* Begin PBXSourcesBuildPhase section */
		F6DDECD8225313A900CC48E9 /* Sources */ = {
			isa = PBXSourcesBuildPhase;
			buildActionMask = 2147483647;
			files = (
				F6DDECE2225313A900CC48E9 /* CameraVC.swift in Sources */,
				F6DDECFB22545D3100CC48E9 /* SqueezeNet.mlmodel in Sources */,
				F6DDECE0225313A900CC48E9 /* AppDelegate.swift in Sources */,
				F6DDECF522544F7100CC48E9 /* RoundedShadowView.swift in Sources */,
				F6DDECF72254509000CC48E9 /* RoundedShadowButton.swift in Sources */,
				F6DDECF9225450C400CC48E9 /* RoundedShadowImageView.swift in Sources */,
			);
			runOnlyForDeploymentPostprocessing = 0;
		};
/* End PBXSourcesBuildPhase section */

/* Begin PBXVariantGroup section */
		F6DDECE3225313A900CC48E9 /* Main.storyboard */ = {
			isa = PBXVariantGroup;
			children = (
				F6DDECE4225313A900CC48E9 /* Base */,
			);
			name = Main.storyboard;
			sourceTree = "<group>";
		};
		F6DDECE8225313AB00CC48E9 /* LaunchScreen.storyboard */ = {
			isa = PBXVariantGroup;
			children = (
				F6DDECE9225313AB00CC48E9 /* Base */,
			);
			name = LaunchScreen.storyboard;
			sourceTree = "<group>";
		};
/* End PBXVariantGroup section */

/* Begin XCBuildConfiguration section */
		F6DDECEC225313AB00CC48E9 /* Debug */ = {
			isa = XCBuildConfiguration;
			buildSettings = {
				ALWAYS_SEARCH_USER_PATHS = NO;
				CLANG_ANALYZER_NONNULL = YES;
				CLANG_ANALYZER_NUMBER_OBJECT_CONVERSION = YES_AGGRESSIVE;
				CLANG_CXX_LANGUAGE_STANDARD = "gnu++14";
				CLANG_CXX_LIBRARY = "libc++";
				CLANG_ENABLE_MODULES = YES;
				CLANG_ENABLE_OBJC_ARC = YES;
				CLANG_ENABLE_OBJC_WEAK = YES;
				CLANG_WARN_BLOCK_CAPTURE_AUTORELEASING = YES;
				CLANG_WARN_BOOL_CONVERSION = YES;
				CLANG_WARN_COMMA = YES;
				CLANG_WARN_CONSTANT_CONVERSION = YES;
				CLANG_WARN_DEPRECATED_OBJC_IMPLEMENTATIONS = YES;
				CLANG_WARN_DIRECT_OBJC_ISA_USAGE = YES_ERROR;
				CLANG_WARN_DOCUMENTATION_COMMENTS = YES;
				CLANG_WARN_EMPTY_BODY = YES;
				CLANG_WARN_ENUM_CONVERSION = YES;
				CLANG_WARN_INFINITE_RECURSION = YES;
				CLANG_WARN_INT_CONVERSION = YES;
				CLANG_WARN_NON_LITERAL_NULL_CONVERSION = YES;
				CLANG_WARN_OBJC_IMPLICIT_RETAIN_SELF = YES;
				CLANG_WARN_OBJC_LITERAL_CONVERSION = YES;
				CLANG_WARN_OBJC_ROOT_CLASS = YES_ERROR;
				CLANG_WARN_RANGE_LOOP_ANALYSIS = YES;
				CLANG_WARN_STRICT_PROTOTYPES = YES;
				CLANG_WARN_SUSPICIOUS_MOVE = YES;
				CLANG_WARN_UNGUARDED_AVAILABILITY = YES_AGGRESSIVE;
				CLANG_WARN_UNREACHABLE_CODE = YES;
				CLANG_WARN__DUPLICATE_METHOD_MATCH = YES;
				CODE_SIGN_IDENTITY = "iPhone Developer";
				COPY_PHASE_STRIP = NO;
				DEBUG_INFORMATION_FORMAT = dwarf;
				ENABLE_STRICT_OBJC_MSGSEND = YES;
				ENABLE_TESTABILITY = YES;
				GCC_C_LANGUAGE_STANDARD = gnu11;
				GCC_DYNAMIC_NO_PIC = NO;
				GCC_NO_COMMON_BLOCKS = YES;
				GCC_OPTIMIZATION_LEVEL = 0;
				GCC_PREPROCESSOR_DEFINITIONS = (
					"DEBUG=1",
					"$(inherited)",
				);
				GCC_WARN_64_TO_32_BIT_CONVERSION = YES;
				GCC_WARN_ABOUT_RETURN_TYPE = YES_ERROR;
				GCC_WARN_UNDECLARED_SELECTOR = YES;
				GCC_WARN_UNINITIALIZED_AUTOS = YES_AGGRESSIVE;
				GCC_WARN_UNUSED_FUNCTION = YES;
				GCC_WARN_UNUSED_VARIABLE = YES;
				IPHONEOS_DEPLOYMENT_TARGET = 12.2;
				MTL_ENABLE_DEBUG_INFO = INCLUDE_SOURCE;
				MTL_FAST_MATH = YES;
				ONLY_ACTIVE_ARCH = YES;
				SDKROOT = iphoneos;
				SWIFT_ACTIVE_COMPILATION_CONDITIONS = DEBUG;
				SWIFT_OPTIMIZATION_LEVEL = "-Onone";
			};
			name = Debug;
		};
		F6DDECED225313AB00CC48E9 /* Release */ = {
			isa = XCBuildConfiguration;
			buildSettings = {
				ALWAYS_SEARCH_USER_PATHS = NO;
				CLANG_ANALYZER_NONNULL = YES;
				CLANG_ANALYZER_NUMBER_OBJECT_CONVERSION = YES_AGGRESSIVE;
				CLANG_CXX_LANGUAGE_STANDARD = "gnu++14";
				CLANG_CXX_LIBRARY = "libc++";
				CLANG_ENABLE_MODULES = YES;
				CLANG_ENABLE_OBJC_ARC = YES;
				CLANG_ENABLE_OBJC_WEAK = YES;
				CLANG_WARN_BLOCK_CAPTURE_AUTORELEASING = YES;
				CLANG_WARN_BOOL_CONVERSION = YES;
				CLANG_WARN_COMMA = YES;
				CLANG_WARN_CONSTANT_CONVERSION = YES;
				CLANG_WARN_DEPRECATED_OBJC_IMPLEMENTATIONS = YES;
				CLANG_WARN_DIRECT_OBJC_ISA_USAGE = YES_ERROR;
				CLANG_WARN_DOCUMENTATION_COMMENTS = YES;
				CLANG_WARN_EMPTY_BODY = YES;
				CLANG_WARN_ENUM_CONVERSION = YES;
				CLANG_WARN_INFINITE_RECURSION = YES;
				CLANG_WARN_INT_CONVERSION = YES;
				CLANG_WARN_NON_LITERAL_NULL_CONVERSION = YES;
				CLANG_WARN_OBJC_IMPLICIT_RETAIN_SELF = YES;
				CLANG_WARN_OBJC_LITERAL_CONVERSION = YES;
				CLANG_WARN_OBJC_ROOT_CLASS = YES_ERROR;
				CLANG_WARN_RANGE_LOOP_ANALYSIS = YES;
				CLANG_WARN_STRICT_PROTOTYPES = YES;
				CLANG_WARN_SUSPICIOUS_MOVE = YES;
				CLANG_WARN_UNGUARDED_AVAILABILITY = YES_AGGRESSIVE;
				CLANG_WARN_UNREACHABLE_CODE = YES;
				CLANG_WARN__DUPLICATE_METHOD_MATCH = YES;
				CODE_SIGN_IDENTITY = "iPhone Developer";
				COPY_PHASE_STRIP = NO;
				DEBUG_INFORMATION_FORMAT = "dwarf-with-dsym";
				ENABLE_NS_ASSERTIONS = NO;
				ENABLE_STRICT_OBJC_MSGSEND = YES;
				GCC_C_LANGUAGE_STANDARD = gnu11;
				GCC_NO_COMMON_BLOCKS = YES;
				GCC_WARN_64_TO_32_BIT_CONVERSION = YES;
				GCC_WARN_ABOUT_RETURN_TYPE = YES_ERROR;
				GCC_WARN_UNDECLARED_SELECTOR = YES;
				GCC_WARN_UNINITIALIZED_AUTOS = YES_AGGRESSIVE;
				GCC_WARN_UNUSED_FUNCTION = YES;
				GCC_WARN_UNUSED_VARIABLE = YES;
				IPHONEOS_DEPLOYMENT_TARGET = 12.2;
				MTL_ENABLE_DEBUG_INFO = NO;
				MTL_FAST_MATH = YES;
				SDKROOT = iphoneos;
				SWIFT_COMPILATION_MODE = wholemodule;
				SWIFT_OPTIMIZATION_LEVEL = "-O";
				VALIDATE_PRODUCT = YES;
			};
			name = Release;
		};
		F6DDECEF225313AB00CC48E9 /* Debug */ = {
			isa = XCBuildConfiguration;
			buildSettings = {
				ASSETCATALOG_COMPILER_APPICON_NAME = AppIcon;
				CODE_SIGN_STYLE = Automatic;
				DEVELOPMENT_TEAM = AMLYNCKP6M;
				INFOPLIST_FILE = "vision-app-dev/Info.plist";
				LD_RUNPATH_SEARCH_PATHS = (
					"$(inherited)",
					"@executable_path/Frameworks",
				);
				PRODUCT_BUNDLE_IDENTIFIER = "com.petitcoding.vision-app-dev";
				PRODUCT_NAME = "$(TARGET_NAME)";
				SWIFT_VERSION = 5.0;
				TARGETED_DEVICE_FAMILY = "1,2";
			};
			name = Debug;
		};
		F6DDECF0225313AB00CC48E9 /* Release */ = {
			isa = XCBuildConfiguration;
			buildSettings = {
				ASSETCATALOG_COMPILER_APPICON_NAME = AppIcon;
				CODE_SIGN_STYLE = Automatic;
				DEVELOPMENT_TEAM = AMLYNCKP6M;
				INFOPLIST_FILE = "vision-app-dev/Info.plist";
				LD_RUNPATH_SEARCH_PATHS = (
					"$(inherited)",
					"@executable_path/Frameworks",
				);
				PRODUCT_BUNDLE_IDENTIFIER = "com.petitcoding.vision-app-dev";
				PRODUCT_NAME = "$(TARGET_NAME)";
				SWIFT_VERSION = 5.0;
				TARGETED_DEVICE_FAMILY = "1,2";
			};
			name = Release;
		};
/* End XCBuildConfiguration section */

/* Begin XCConfigurationList section */
		F6DDECD7225313A900CC48E9 /* Build configuration list for PBXProject "vision-app-dev" */ = {
			isa = XCConfigurationList;
			buildConfigurations = (
				F6DDECEC225313AB00CC48E9 /* Debug */,
				F6DDECED225313AB00CC48E9 /* Release */,
			);
			defaultConfigurationIsVisible = 0;
			defaultConfigurationName = Release;
		};
		F6DDECEE225313AB00CC48E9 /* Build configuration list for PBXNativeTarget "vision-app-dev" */ = {
			isa = XCConfigurationList;
			buildConfigurations = (
				F6DDECEF225313AB00CC48E9 /* Debug */,
				F6DDECF0225313AB00CC48E9 /* Release */,
			);
			defaultConfigurationIsVisible = 0;
			defaultConfigurationName = Release;
		};
/* End XCConfigurationList section */
	};
	rootObject = F6DDECD4225313A900CC48E9 /* Project object */;
}
